
Microsoft Visual Studio Solution File, Format Version 12.00
# Visual Studio Version 16
VisualStudioVersion = 16.0.31129.286
MinimumVisualStudioVersion = 10.0.40219.1
Project("{FAE04EC0-301F-11D3-BF4B-00C04F79EFBC}") = "RFID_ReaderTest", "RFID_ReaderTest\RFID_ReaderTest.csproj", "{3900D9B1-0C51-4537-B868-8DA9D5873BEC}"
EndProject
Global
	GlobalSection(SolutionConfigurationPlatforms) = preSolution
		Debug|Any CPU = Debug|Any CPU
		Release|Any CPU = Release|Any CPU
	EndGlobalSection
	GlobalSection(ProjectConfigurationPlatforms) = postSolution
		{3900D9B1-0C51-4537-B868-8DA9D5873BEC}.Debug|Any CPU.ActiveCfg = Debug|Any CPU
		{3900D9B1-0C51-4537-B868-8DA9D5873BEC}.Debug|Any CPU.Build.0 = Debug|Any CPU
		{3900D9B1-0C51-4537-B868-8DA9D5873BEC}.Release|Any CPU.ActiveCfg = Release|Any CPU
		{3900D9B1-0C51-4537-B868-8DA9D5873BEC}.Release|Any CPU.Build.0 = Release|Any CPU
	EndGlobalSection
	GlobalSection(SolutionProperties) = preSolution
		HideSolutionNode = FALSE
	EndGlobalSection
	GlobalSection(ExtensibilityGlobals) = postSolution
		SolutionGuid = {9411F576-459E-49FE-BB97-E255AA8BCB9B}
	EndGlobalSection
EndGlobal
