
Microsoft Visual Studio Solution File, Format Version 12.00
# Visual Studio Version 16
VisualStudioVersion = 16.0.29009.5
MinimumVisualStudioVersion = 10.0.40219.1
Project("{FAE04EC0-301F-11D3-BF4B-00C04F79EFBC}") = "WindowsApplication1", "WindowsApplication1.csproj", "{EC229186-C101-4BA5-BEDF-C1182EB2239E}"
EndProject
Global
	GlobalSection(SolutionConfigurationPlatforms) = preSolution
		Debug|Any CPU = Debug|Any CPU
		Release|Any CPU = Release|Any CPU
	EndGlobalSection
	GlobalSection(ProjectConfigurationPlatforms) = postSolution
		{EC229186-C101-4BA5-BEDF-C1182EB2239E}.Debug|Any CPU.ActiveCfg = Debug|Any CPU
		{EC229186-C101-4BA5-BEDF-C1182EB2239E}.Debug|Any CPU.Build.0 = Debug|Any CPU
		{EC229186-C101-4BA5-BEDF-C1182EB2239E}.Release|Any CPU.ActiveCfg = Release|Any CPU
		{EC229186-C101-4BA5-BEDF-C1182EB2239E}.Release|Any CPU.Build.0 = Release|Any CPU
	EndGlobalSection
	GlobalSection(SolutionProperties) = preSolution
		HideSolutionNode = FALSE
	EndGlobalSection
	GlobalSection(ExtensibilityGlobals) = postSolution
		SolutionGuid = {454DD505-5AF2-456C-A2F8-A8C86364822D}
	EndGlobalSection
EndGlobal
